// !$*UTF8*$!
{
	archiveVersion = 1;
	classes = {
	};
	objectVersion = 56;
	objects = {

/* Begin PBXBuildFile section */
		0721D7BF2A9CD2F0008D8991 /* LayoutPlayground.swift in Sources */ = {isa = PBXBuildFile; fileRef = 0721D7BE2A9CD2F0008D8991 /* LayoutPlayground.swift */; };
		0724EB282A8CDDDC00F4FF0B /* Stanford_swiftuiApp.swift in Sources */ = {isa = PBXBuildFile; fileRef = 0724EB272A8CDDDC00F4FF0B /* Stanford_swiftuiApp.swift */; };
		0724EB2A2A8CDDDC00F4FF0B /* EmojiMemoryGameView.swift in Sources */ = {isa = PBXBuildFile; fileRef = 0724EB292A8CDDDC00F4FF0B /* EmojiMemoryGameView.swift */; };
		0724EB2C2A8CDDDD00F4FF0B /* Assets.xcassets in Resources */ = {isa = PBXBuildFile; fileRef = 0724EB2B2A8CDDDD00F4FF0B /* Assets.xcassets */; };
		0724EB2F2A8CDDDD00F4FF0B /* Preview Assets.xcassets in Resources */ = {isa = PBXBuildFile; fileRef = 0724EB2E2A8CDDDD00F4FF0B /* Preview Assets.xcassets */; };
		0774B2E42A9A6C46001D31B4 /* Assignment_2.swift in Sources */ = {isa = PBXBuildFile; fileRef = 0774B2E32A9A6C46001D31B4 /* Assignment_2.swift */; };
		0786683D2AB4B406009C9BCD /* CardView.swift in Sources */ = {isa = PBXBuildFile; fileRef = 0786683C2AB4B406009C9BCD /* CardView.swift */; };
		079E949F2A8F78C200A8D955 /* Assignment_1.swift in Sources */ = {isa = PBXBuildFile; fileRef = 079E949E2A8F78C200A8D955 /* Assignment_1.swift */; };
		079E94A12A8FAECA00A8D955 /* MemoryGame.swift in Sources */ = {isa = PBXBuildFile; fileRef = 079E94A02A8FAECA00A8D955 /* MemoryGame.swift */; };
		079E94A32A8FB11000A8D955 /* EmojiMemoryGame.swift in Sources */ = {isa = PBXBuildFile; fileRef = 079E94A22A8FB11000A8D955 /* EmojiMemoryGame.swift */; };
		07EF02722A9E48A600FE858C /* AspectVGrid.swift in Sources */ = {isa = PBXBuildFile; fileRef = 07EF02712A9E48A600FE858C /* AspectVGrid.swift */; };
/* End PBXBuildFile section */

/* Begin PBXFileReference section */
		0721D7BE2A9CD2F0008D8991 /* LayoutPlayground.swift */ = {isa = PBXFileReference; lastKnownFileType = sourcecode.swift; path = LayoutPlayground.swift; sourceTree = "<group>"; };
		0724EB242A8CDDDC00F4FF0B /* Stanford_swiftui.app */ = {isa = PBXFileReference; explicitFileType = wrapper.application; includeInIndex = 0; path = Stanford_swiftui.app; sourceTree = BUILT_PRODUCTS_DIR; };
		0724EB272A8CDDDC00F4FF0B /* Stanford_swiftuiApp.swift */ = {isa = PBXFileReference; lastKnownFileType = sourcecode.swift; path = Stanford_swiftuiApp.swift; sourceTree = "<group>"; };
		0724EB292A8CDDDC00F4FF0B /* EmojiMemoryGameView.swift */ = {isa = PBXFileReference; lastKnownFileType = sourcecode.swift; path = EmojiMemoryGameView.swift; sourceTree = "<group>"; };
		0724EB2B2A8CDDDD00F4FF0B /* Assets.xcassets */ = {isa = PBXFileReference; lastKnownFileType = folder.assetcatalog; path = Assets.xcassets; sourceTree = "<group>"; };
		0724EB2E2A8CDDDD00F4FF0B /* Preview Assets.xcassets */ = {isa = PBXFileReference; lastKnownFileType = folder.assetcatalog; path = "Preview Assets.xcassets"; sourceTree = "<group>"; };
		0774B2E32A9A6C46001D31B4 /* Assignment_2.swift */ = {isa = PBXFileReference; lastKnownFileType = sourcecode.swift; path = Assignment_2.swift; sourceTree = "<group>"; };
		0786683C2AB4B406009C9BCD /* CardView.swift */ = {isa = PBXFileReference; lastKnownFileType = sourcecode.swift; path = CardView.swift; sourceTree = "<group>"; };
		079E949E2A8F78C200A8D955 /* Assignment_1.swift */ = {isa = PBXFileReference; lastKnownFileType = sourcecode.swift; path = Assignment_1.swift; sourceTree = "<group>"; };
		079E94A02A8FAECA00A8D955 /* MemoryGame.swift */ = {isa = PBXFileReference; lastKnownFileType = sourcecode.swift; path = MemoryGame.swift; sourceTree = "<group>"; };
		079E94A22A8FB11000A8D955 /* EmojiMemoryGame.swift */ = {isa = PBXFileReference; lastKnownFileType = sourcecode.swift; path = EmojiMemoryGame.swift; sourceTree = "<group>"; };
		07EF02712A9E48A600FE858C /* AspectVGrid.swift */ = {isa = PBXFileReference; lastKnownFileType = sourcecode.swift; path = AspectVGrid.swift; sourceTree = "<group>"; };
/* End PBXFileReference section */

/* Begin PBXFrameworksBuildPhase section */
		0724EB212A8CDDDC00F4FF0B /* Frameworks */ = {
			isa = PBXFrameworksBuildPhase;
			buildActionMask = 2147483647;
			files = (
			);
			runOnlyForDeploymentPostprocessing = 0;
		};
/* End PBXFrameworksBuildPhase section */

/* Begin PBXGroup section */
		0724EB1B2A8CDDDC00F4FF0B = {
			isa = PBXGroup;
			children = (
				0724EB272A8CDDDC00F4FF0B /* Stanford_swiftuiApp.swift */,
				0721D7BE2A9CD2F0008D8991 /* LayoutPlayground.swift */,
				0724EB262A8CDDDC00F4FF0B /* Stanford_swiftui */,
				0724EB252A8CDDDC00F4FF0B /* Products */,
			);
			sourceTree = "<group>";
		};
		0724EB252A8CDDDC00F4FF0B /* Products */ = {
			isa = PBXGroup;
			children = (
				0724EB242A8CDDDC00F4FF0B /* Stanford_swiftui.app */,
			);
			name = Products;
			sourceTree = "<group>";
		};
		0724EB262A8CDDDC00F4FF0B /* Stanford_swiftui */ = {
			isa = PBXGroup;
			children = (
				0786683C2AB4B406009C9BCD /* CardView.swift */,
				0724EB292A8CDDDC00F4FF0B /* EmojiMemoryGameView.swift */,
				079E94A22A8FB11000A8D955 /* EmojiMemoryGame.swift */,
				079E94A02A8FAECA00A8D955 /* MemoryGame.swift */,
				07EF02712A9E48A600FE858C /* AspectVGrid.swift */,
				079E949D2A8F789F00A8D955 /* Assignment_1 */,
				0774B2E22A9A6C0F001D31B4 /* Assignment_2 */,
				0724EB2B2A8CDDDD00F4FF0B /* Assets.xcassets */,
				0724EB2D2A8CDDDD00F4FF0B /* Preview Content */,
			);
			path = Stanford_swiftui;
			sourceTree = "<group>";
		};
		0724EB2D2A8CDDDD00F4FF0B /* Preview Content */ = {
			isa = PBXGroup;
			children = (
				0724EB2E2A8CDDDD00F4FF0B /* Preview Assets.xcassets */,
			);
			path = "Preview Content";
			sourceTree = "<group>";
		};
		0774B2E22A9A6C0F001D31B4 /* Assignment_2 */ = {
			isa = PBXGroup;
			children = (
				0774B2E32A9A6C46001D31B4 /* Assignment_2.swift */,
			);
			path = Assignment_2;
			sourceTree = "<group>";
		};
		079E949D2A8F789F00A8D955 /* Assignment_1 */ = {
			isa = PBXGroup;
			children = (
				079E949E2A8F78C200A8D955 /* Assignment_1.swift */,
			);
			path = Assignment_1;
			sourceTree = "<group>";
		};
/* End PBXGroup section */

/* Begin PBXNativeTarget section */
		0724EB232A8CDDDC00F4FF0B /* Stanford_swiftui */ = {
			isa = PBXNativeTarget;
			buildConfigurationList = 0724EB322A8CDDDD00F4FF0B /* Build configuration list for PBXNativeTarget "Stanford_swiftui" */;
			buildPhases = (
				0724EB202A8CDDDC00F4FF0B /* Sources */,
				0724EB212A8CDDDC00F4FF0B /* Frameworks */,
				0724EB222A8CDDDC00F4FF0B /* Resources */,
			);
			buildRules = (
			);
			dependencies = (
			);
			name = Stanford_swiftui;
			productName = Stanford_swiftui;
			productReference = 0724EB242A8CDDDC00F4FF0B /* Stanford_swiftui.app */;
			productType = "com.apple.product-type.application";
		};
/* End PBXNativeTarget section */

/* Begin PBXProject section */
		0724EB1C2A8CDDDC00F4FF0B /* Project object */ = {
			isa = PBXProject;
			attributes = {
				BuildIndependentTargetsInParallel = 1;
				LastSwiftUpdateCheck = 1430;
				LastUpgradeCheck = 1430;
				TargetAttributes = {
					0724EB232A8CDDDC00F4FF0B = {
						CreatedOnToolsVersion = 14.3;
					};
				};
			};
			buildConfigurationList = 0724EB1F2A8CDDDC00F4FF0B /* Build configuration list for PBXProject "Stanford_swiftui" */;
			compatibilityVersion = "Xcode 14.0";
			developmentRegion = en;
			hasScannedForEncodings = 0;
			knownRegions = (
				en,
				Base,
			);
			mainGroup = 0724EB1B2A8CDDDC00F4FF0B;
			productRefGroup = 0724EB252A8CDDDC00F4FF0B /* Products */;
			projectDirPath = "";
			projectRoot = "";
			targets = (
				0724EB232A8CDDDC00F4FF0B /* Stanford_swiftui */,
			);
		};
/* End PBXProject section */

/* Begin PBXResourcesBuildPhase section */
		0724EB222A8CDDDC00F4FF0B /* Resources */ = {
			isa = PBXResourcesBuildPhase;
			buildActionMask = 2147483647;
			files = (
				0724EB2F2A8CDDDD00F4FF0B /* Preview Assets.xcassets in Resources */,
				0724EB2C2A8CDDDD00F4FF0B /* Assets.xcassets in Resources */,
			);
			runOnlyForDeploymentPostprocessing = 0;
		};
/* End PBXResourcesBuildPhase section */

/* Begin PBXSourcesBuildPhase section */
		0724EB202A8CDDDC00F4FF0B /* Sources */ = {
			isa = PBXSourcesBuildPhase;
			buildActionMask = 2147483647;
			files = (
				07EF02722A9E48A600FE858C /* AspectVGrid.swift in Sources */,
				0786683D2AB4B406009C9BCD /* CardView.swift in Sources */,
				0724EB2A2A8CDDDC00F4FF0B /* EmojiMemoryGameView.swift in Sources */,
				0724EB282A8CDDDC00F4FF0B /* Stanford_swiftuiApp.swift in Sources */,
				079E949F2A8F78C200A8D955 /* Assignment_1.swift in Sources */,
				079E94A12A8FAECA00A8D955 /* MemoryGame.swift in Sources */,
				079E94A32A8FB11000A8D955 /* EmojiMemoryGame.swift in Sources */,
				0774B2E42A9A6C46001D31B4 /* Assignment_2.swift in Sources */,
				0721D7BF2A9CD2F0008D8991 /* LayoutPlayground.swift in Sources */,
			);
			runOnlyForDeploymentPostprocessing = 0;
		};
/* End PBXSourcesBuildPhase section */

/* Begin XCBuildConfiguration section */
		0724EB302A8CDDDD00F4FF0B /* Debug */ = {
			isa = XCBuildConfiguration;
			buildSettings = {
				ALWAYS_SEARCH_USER_PATHS = NO;
				CLANG_ANALYZER_NONNULL = YES;
				CLANG_ANALYZER_NUMBER_OBJECT_CONVERSION = YES_AGGRESSIVE;
				CLANG_CXX_LANGUAGE_STANDARD = "gnu++20";
				CLANG_ENABLE_MODULES = YES;
				CLANG_ENABLE_OBJC_ARC = YES;
				CLANG_ENABLE_OBJC_WEAK = YES;
				CLANG_WARN_BLOCK_CAPTURE_AUTORELEASING = YES;
				CLANG_WARN_BOOL_CONVERSION = YES;
				CLANG_WARN_COMMA = YES;
				CLANG_WARN_CONSTANT_CONVERSION = YES;
				CLANG_WARN_DEPRECATED_OBJC_IMPLEMENTATIONS = YES;
				CLANG_WARN_DIRECT_OBJC_ISA_USAGE = YES_ERROR;
				CLANG_WARN_DOCUMENTATION_COMMENTS = YES;
				CLANG_WARN_EMPTY_BODY = YES;
				CLANG_WARN_ENUM_CONVERSION = YES;
				CLANG_WARN_INFINITE_RECURSION = YES;
				CLANG_WARN_INT_CONVERSION = YES;
				CLANG_WARN_NON_LITERAL_NULL_CONVERSION = YES;
				CLANG_WARN_OBJC_IMPLICIT_RETAIN_SELF = YES;
				CLANG_WARN_OBJC_LITERAL_CONVERSION = YES;
				CLANG_WARN_OBJC_ROOT_CLASS = YES_ERROR;
				CLANG_WARN_QUOTED_INCLUDE_IN_FRAMEWORK_HEADER = YES;
				CLANG_WARN_RANGE_LOOP_ANALYSIS = YES;
				CLANG_WARN_STRICT_PROTOTYPES = YES;
				CLANG_WARN_SUSPICIOUS_MOVE = YES;
				CLANG_WARN_UNGUARDED_AVAILABILITY = YES_AGGRESSIVE;
				CLANG_WARN_UNREACHABLE_CODE = YES;
				CLANG_WARN__DUPLICATE_METHOD_MATCH = YES;
				COPY_PHASE_STRIP = NO;
				DEBUG_INFORMATION_FORMAT = dwarf;
				ENABLE_STRICT_OBJC_MSGSEND = YES;
				ENABLE_TESTABILITY = YES;
				GCC_C_LANGUAGE_STANDARD = gnu11;
				GCC_DYNAMIC_NO_PIC = NO;
				GCC_NO_COMMON_BLOCKS = YES;
				GCC_OPTIMIZATION_LEVEL = 0;
				GCC_PREPROCESSOR_DEFINITIONS = (
					"DEBUG=1",
					"$(inherited)",
				);
				GCC_WARN_64_TO_32_BIT_CONVERSION = YES;
				GCC_WARN_ABOUT_RETURN_TYPE = YES_ERROR;
				GCC_WARN_UNDECLARED_SELECTOR = YES;
				GCC_WARN_UNINITIALIZED_AUTOS = YES_AGGRESSIVE;
				GCC_WARN_UNUSED_FUNCTION = YES;
				GCC_WARN_UNUSED_VARIABLE = YES;
				IPHONEOS_DEPLOYMENT_TARGET = 16.4;
				MTL_ENABLE_DEBUG_INFO = INCLUDE_SOURCE;
				MTL_FAST_MATH = YES;
				ONLY_ACTIVE_ARCH = YES;
				SDKROOT = iphoneos;
				SWIFT_ACTIVE_COMPILATION_CONDITIONS = DEBUG;
				SWIFT_OPTIMIZATION_LEVEL = "-Onone";
			};
			name = Debug;
		};
		0724EB312A8CDDDD00F4FF0B /* Release */ = {
			isa = XCBuildConfiguration;
			buildSettings = {
				ALWAYS_SEARCH_USER_PATHS = NO;
				CLANG_ANALYZER_NONNULL = YES;
				CLANG_ANALYZER_NUMBER_OBJECT_CONVERSION = YES_AGGRESSIVE;
				CLANG_CXX_LANGUAGE_STANDARD = "gnu++20";
				CLANG_ENABLE_MODULES = YES;
				CLANG_ENABLE_OBJC_ARC = YES;
				CLANG_ENABLE_OBJC_WEAK = YES;
				CLANG_WARN_BLOCK_CAPTURE_AUTORELEASING = YES;
				CLANG_WARN_BOOL_CONVERSION = YES;
				CLANG_WARN_COMMA = YES;
				CLANG_WARN_CONSTANT_CONVERSION = YES;
				CLANG_WARN_DEPRECATED_OBJC_IMPLEMENTATIONS = YES;
				CLANG_WARN_DIRECT_OBJC_ISA_USAGE = YES_ERROR;
				CLANG_WARN_DOCUMENTATION_COMMENTS = YES;
				CLANG_WARN_EMPTY_BODY = YES;
				CLANG_WARN_ENUM_CONVERSION = YES;
				CLANG_WARN_INFINITE_RECURSION = YES;
				CLANG_WARN_INT_CONVERSION = YES;
				CLANG_WARN_NON_LITERAL_NULL_CONVERSION = YES;
				CLANG_WARN_OBJC_IMPLICIT_RETAIN_SELF = YES;
				CLANG_WARN_OBJC_LITERAL_CONVERSION = YES;
				CLANG_WARN_OBJC_ROOT_CLASS = YES_ERROR;
				CLANG_WARN_QUOTED_INCLUDE_IN_FRAMEWORK_HEADER = YES;
				CLANG_WARN_RANGE_LOOP_ANALYSIS = YES;
				CLANG_WARN_STRICT_PROTOTYPES = YES;
				CLANG_WARN_SUSPICIOUS_MOVE = YES;
				CLANG_WARN_UNGUARDED_AVAILABILITY = YES_AGGRESSIVE;
				CLANG_WARN_UNREACHABLE_CODE = YES;
				CLANG_WARN__DUPLICATE_METHOD_MATCH = YES;
				COPY_PHASE_STRIP = NO;
				DEBUG_INFORMATION_FORMAT = "dwarf-with-dsym";
				ENABLE_NS_ASSERTIONS = NO;
				ENABLE_STRICT_OBJC_MSGSEND = YES;
				GCC_C_LANGUAGE_STANDARD = gnu11;
				GCC_NO_COMMON_BLOCKS = YES;
				GCC_WARN_64_TO_32_BIT_CONVERSION = YES;
				GCC_WARN_ABOUT_RETURN_TYPE = YES_ERROR;
				GCC_WARN_UNDECLARED_SELECTOR = YES;
				GCC_WARN_UNINITIALIZED_AUTOS = YES_AGGRESSIVE;
				GCC_WARN_UNUSED_FUNCTION = YES;
				GCC_WARN_UNUSED_VARIABLE = YES;
				IPHONEOS_DEPLOYMENT_TARGET = 16.4;
				MTL_ENABLE_DEBUG_INFO = NO;
				MTL_FAST_MATH = YES;
				SDKROOT = iphoneos;
				SWIFT_COMPILATION_MODE = wholemodule;
				SWIFT_OPTIMIZATION_LEVEL = "-O";
				VALIDATE_PRODUCT = YES;
			};
			name = Release;
		};
		0724EB332A8CDDDD00F4FF0B /* Debug */ = {
			isa = XCBuildConfiguration;
			buildSettings = {
				ASSETCATALOG_COMPILER_APPICON_NAME = AppIcon;
				ASSETCATALOG_COMPILER_GLOBAL_ACCENT_COLOR_NAME = AccentColor;
				CODE_SIGN_STYLE = Automatic;
				CURRENT_PROJECT_VERSION = 1;
				DEVELOPMENT_ASSET_PATHS = "\"Stanford_swiftui/Preview Content\"";
				DEVELOPMENT_TEAM = 9V2Q5VWT8B;
				ENABLE_PREVIEWS = YES;
				GENERATE_INFOPLIST_FILE = YES;
				INFOPLIST_KEY_UIApplicationSceneManifest_Generation = YES;
				INFOPLIST_KEY_UIApplicationSupportsIndirectInputEvents = YES;
				INFOPLIST_KEY_UILaunchScreen_Generation = YES;
				INFOPLIST_KEY_UISupportedInterfaceOrientations_iPad = "UIInterfaceOrientationPortrait UIInterfaceOrientationPortraitUpsideDown UIInterfaceOrientationLandscapeLeft UIInterfaceOrientationLandscapeRight";
				INFOPLIST_KEY_UISupportedInterfaceOrientations_iPhone = "UIInterfaceOrientationPortrait UIInterfaceOrientationLandscapeLeft UIInterfaceOrientationLandscapeRight";
				LD_RUNPATH_SEARCH_PATHS = (
					"$(inherited)",
					"@executable_path/Frameworks",
				);
				MARKETING_VERSION = 1.0;
				PRODUCT_BUNDLE_IDENTIFIER = "com.milossavkovic.Stanford-swiftui";
				PRODUCT_NAME = "$(TARGET_NAME)";
				SWIFT_EMIT_LOC_STRINGS = YES;
				SWIFT_VERSION = 5.0;
				TARGETED_DEVICE_FAMILY = "1,2";
			};
			name = Debug;
		};
		0724EB342A8CDDDD00F4FF0B /* Release */ = {
			isa = XCBuildConfiguration;
			buildSettings = {
				ASSETCATALOG_COMPILER_APPICON_NAME = AppIcon;
				ASSETCATALOG_COMPILER_GLOBAL_ACCENT_COLOR_NAME = AccentColor;
				CODE_SIGN_STYLE = Automatic;
				CURRENT_PROJECT_VERSION = 1;
				DEVELOPMENT_ASSET_PATHS = "\"Stanford_swiftui/Preview Content\"";
				DEVELOPMENT_TEAM = 9V2Q5VWT8B;
				ENABLE_PREVIEWS = YES;
				GENERATE_INFOPLIST_FILE = YES;
				INFOPLIST_KEY_UIApplicationSceneManifest_Generation = YES;
				INFOPLIST_KEY_UIApplicationSupportsIndirectInputEvents = YES;
				INFOPLIST_KEY_UILaunchScreen_Generation = YES;
				INFOPLIST_KEY_UISupportedInterfaceOrientations_iPad = "UIInterfaceOrientationPortrait UIInterfaceOrientationPortraitUpsideDown UIInterfaceOrientationLandscapeLeft UIInterfaceOrientationLandscapeRight";
				INFOPLIST_KEY_UISupportedInterfaceOrientations_iPhone = "UIInterfaceOrientationPortrait UIInterfaceOrientationLandscapeLeft UIInterfaceOrientationLandscapeRight";
				LD_RUNPATH_SEARCH_PATHS = (
					"$(inherited)",
					"@executable_path/Frameworks",
				);
				MARKETING_VERSION = 1.0;
				PRODUCT_BUNDLE_IDENTIFIER = "com.milossavkovic.Stanford-swiftui";
				PRODUCT_NAME = "$(TARGET_NAME)";
				SWIFT_EMIT_LOC_STRINGS = YES;
				SWIFT_VERSION = 5.0;
				TARGETED_DEVICE_FAMILY = "1,2";
			};
			name = Release;
		};
/* End XCBuildConfiguration section */

/* Begin XCConfigurationList section */
		0724EB1F2A8CDDDC00F4FF0B /* Build configuration list for PBXProject "Stanford_swiftui" */ = {
			isa = XCConfigurationList;
			buildConfigurations = (
				0724EB302A8CDDDD00F4FF0B /* Debug */,
				0724EB312A8CDDDD00F4FF0B /* Release */,
			);
			defaultConfigurationIsVisible = 0;
			defaultConfigurationName = Release;
		};
		0724EB322A8CDDDD00F4FF0B /* Build configuration list for PBXNativeTarget "Stanford_swiftui" */ = {
			isa = XCConfigurationList;
			buildConfigurations = (
				0724EB332A8CDDDD00F4FF0B /* Debug */,
				0724EB342A8CDDDD00F4FF0B /* Release */,
			);
			defaultConfigurationIsVisible = 0;
			defaultConfigurationName = Release;
		};
/* End XCConfigurationList section */
	};
	rootObject = 0724EB1C2A8CDDDC00F4FF0B /* Project object */;
}
